<Solution>
  <Project Path="src/Te/Te.csproj" />
  <Project Path="src/Ur/Ur.csproj" />
  <Project Path="src/Ur.Cli/Ur.Cli.csproj" />
  <Project Path="src/Ox/Ox.csproj" />
  <Project Path="tests/Te.Tests/Te.Tests.csproj" />
  <Project Path="tests/Ur.Tests/Ur.Tests.csproj" />
  <Project Path="tests/Ur.IntegrationTests/Ur.IntegrationTests.csproj" />
</Solution>
