<Solution>
  <Project Path="Ur.IntegrationTests/Ur.IntegrationTests.csproj" />
  <Project Path="Ur.Tests/Ur.Tests.csproj" />
  <Project Path="Ur/Ur.csproj" />
  <Project Path="Ur.Cli/Ur.Cli.csproj" />
  <Project Path="Ur.Terminal/Ur.Terminal.csproj" />
  <Project Path="Ur.Terminal.Tests/Ur.Terminal.Tests.csproj" />
  <Project Path="Ur.Tui/Ur.Tui.csproj" />
  <Project Path="Ur.Tui.Tests/Ur.Tui.Tests.csproj" />
</Solution>
